
Microsoft Visual Studio Solution File, Format Version 12.00
# Visual Studio Version 17
VisualStudioVersion = 17.13.35913.81 d17.13
MinimumVisualStudioVersion = 10.0.40219.1
Project("{FAE04EC0-301F-11D3-BF4B-00C04F79EFBC}") = "myMusicApi", "myMusicApi\myMusicApi.csproj", "{91D071ED-480A-4B51-93B4-7666AC5C88FF}"
EndProject
Global
	GlobalSection(SolutionConfigurationPlatforms) = preSolution
		Debug|Any CPU = Debug|Any CPU
		Release|Any CPU = Release|Any CPU
	EndGlobalSection
	GlobalSection(ProjectConfigurationPlatforms) = postSolution
		{91D071ED-480A-4B51-93B4-7666AC5C88FF}.Debug|Any CPU.ActiveCfg = Debug|Any CPU
		{91D071ED-480A-4B51-93B4-7666AC5C88FF}.Debug|Any CPU.Build.0 = Debug|Any CPU
		{91D071ED-480A-4B51-93B4-7666AC5C88FF}.Release|Any CPU.ActiveCfg = Release|Any CPU
		{91D071ED-480A-4B51-93B4-7666AC5C88FF}.Release|Any CPU.Build.0 = Release|Any CPU
	EndGlobalSection
	GlobalSection(SolutionProperties) = preSolution
		HideSolutionNode = FALSE
	EndGlobalSection
	GlobalSection(ExtensibilityGlobals) = postSolution
		SolutionGuid = {D3F0E304-4505-4BA4-9D1E-9BC9E604013F}
	EndGlobalSection
EndGlobal
